
Microsoft Visual Studio Solution File, Format Version 12.00
# Visual Studio Version 16
VisualStudioVersion = 16.0.30413.136
MinimumVisualStudioVersion = 10.0.40219.1
Project("{FAE04EC0-301F-11D3-BF4B-00C04F79EFBC}") = "WpfDonuts", "WpfDonuts\WpfDonuts.csproj", "{252670F7-A28D-4F13-8E04-92DC202EDDEC}"
EndProject
Global
	GlobalSection(SolutionConfigurationPlatforms) = preSolution
		Debug|Any CPU = Debug|Any CPU
		Release|Any CPU = Release|Any CPU
	EndGlobalSection
	GlobalSection(ProjectConfigurationPlatforms) = postSolution
		{252670F7-A28D-4F13-8E04-92DC202EDDEC}.Debug|Any CPU.ActiveCfg = Debug|Any CPU
		{252670F7-A28D-4F13-8E04-92DC202EDDEC}.Debug|Any CPU.Build.0 = Debug|Any CPU
		{252670F7-A28D-4F13-8E04-92DC202EDDEC}.Release|Any CPU.ActiveCfg = Release|Any CPU
		{252670F7-A28D-4F13-8E04-92DC202EDDEC}.Release|Any CPU.Build.0 = Release|Any CPU
	EndGlobalSection
	GlobalSection(SolutionProperties) = preSolution
		HideSolutionNode = FALSE
	EndGlobalSection
	GlobalSection(ExtensibilityGlobals) = postSolution
		SolutionGuid = {A83C1E7E-6AF1-417C-88E5-46651E637179}
	EndGlobalSection
EndGlobal
